{
  "version": 4,
  "terraform_version": "1.0.11",
  "serial": 43,
  "lineage": "4faee5b1-27ca-9a71-9c7a-55fbe07432b5",
  "outputs": {
    "ubuntu_ssh_private_key": {
      "value": "-----BEGIN RSA PRIVATE KEY-----\nMIIJKAIBAAKCAgEA1HuhQfN+9k+hqAYzQQl0PFo/dfoROPQ2JMoURm85u8XRsfzK\nxkrJyLBuEeyV+DPTa/QEwsIojNLwdzf8kqNx4e7N2W109F3wF6HZe8qJLTrQxLep\nnlrv9SdIv+PTsoyQ4pf1mZjJm5ePspl6mlkVqmN5FWeQsI7NLG6pHVaQT676hWZ6\nxSqMfeQxRFYWszdjDPGW79NI5evQ3WyXbSP9OZYZdME/ApBlZ8LPcRa3AuPFlDMi\n4CwnjZ20De6TbFPC22PhDWMUH2QGfDF/YG7EEayzKPG1gjhhcT+mrJreezU56WLd\n9scaaXw6skKNklqAh/Bp/2F5iqhCjIsr24lnR+xLIfNyJqvAhSMyqenRsrXmPRFE\nqVGzwlnEKQssGT+EUMWa2SXdCtdmPbUi6SciubrDu0lEjOU/FubmjNWhD8kkBYJL\nimXx+cxsakEa46I6f2wxK9lDDYSvTrR1NWam9aQMwdpsNde1JF6Uf1jJ5tC/FG8f\nMuAO2EtW84WLfTVv1LRk/IOxZ6Ei7XlfRo3wYO3lLd9ePxtvTK6Nkj5gxNqUqiLe\naMUvXtLbghyLBGgJuIKW6PMG6PoKtqDQlSNsHS7a7P+9fxNTQZtkJ9/jAKkMzx0z\nqFbVwhw46GTSRhRfYl8fGSkN3Af94Ly72M00T7Po8hp9XnMXXKmZzE9nBqsCAwEA\nAQKCAgBvZe2SPQ2IJxGSnMWMSF+XMJ1qxdL3sBkeyo88qh1zk2+vx9+rfBQ0UkMy\nxH2PpeQnCcThMpe91O1bI5AYdPZExEVJw7f4UbOJQEJcQ0AN5XMEX2He8sAxIApl\nCBW52zYuhgquH0s7dodQ1GRRvXi9Xu9hSG20EvoAXHfvOK3qCMuw2pxs+DS138fw\nks3N4bDdXV+LlpL2b96N59uvzZl58nagHpxhRMDVWG4XVRhXvICehPy42I1YEqEO\nWNETjwpuqPuZYCNxnahEvlKQhSHoPkmjoq1Ney+jBwLkJUGVCL+22y2RrqrrOMUx\nJfFBFI+kNWftCvaEulhBhMlWjMAHIJ9B1pG4EltTJxxMk4dEMvO3chx2nI7ZC4Sl\nkT+9LSU2NmmS9cOSpbsEdHX3ZyEBqrwS1GUPkuIQHh8jTSPpbgyaDZ5fOJle+2O8\nWKZ03cHWIw8RdeEaiNdO03Wed3cWYZYKFhyKFA2nvk/+RdrNxVm8p706s5X4YdTa\no4n3HKRtJxsaz/w9FFMFGionLkZShAayVUzZobFMYcY2afuA0g+HezN49fWJoNhg\nQ/wMRg6y4xDN5NvgJu1mvO6Pt2Nxwfdk0xNTc3ptdbrHXITgqRpY5ZnH5kbGQXrG\nt4S8JzFKdOOVVRPWgT44/tByg0aDFTZKqVC4/OwrbdUN6wGmOQKCAQEA/obxBq7i\nXtl4f6n93c1G7TsImgmok92laNDFZ8xi+byrPgHSLFoJlX87LCB3sqhgTfCXntYr\nEhfByLZvRkXzx8QqzzVoYVkcKhvQRNaxE5QbogmfArvkl8kJrbimhVnUcnto40s2\nPFsiC9M7qvp0r9eMo+EnoRsXkPIPHgVRzeuSBi9Qx350voEMVUDIhjnw/2gVY9Yc\nPTuY3osc8JXtQnqJ8hE2OuNgUa+s+IwmG6cOIqcKSe5SFCw7wcpuP0XJiXCYR+Di\nI+HVdncqI7unMZxJsImQQ2PKDVjNcumeZ2jBxN+PufVoHhnSsV6A2NKfGroyttBt\n2n6epk7Qb2sS1wKCAQEA1bZnYEwYSc658n5TR7TRwMlZAWXPOUjGhHDBNnqg3Cmo\njrb9yQ473Nm5TkWv6AkueTefjZzO1F7uDtKXMt5GgxtDE0mJZ5c45mMNL5asYBAM\nrw/j4qk4uKvE1oq2lZ63ZypOZEFXOR9+EqaWG409x0pjB0YaM2+N+aJdYQ9Pe9iA\nBLuyA/TrvkeJOnoU6XGpN74lN0RIZpiCpuoSDv2c7D2cDcLVDXS6/ZVqjDEdPc/d\nLuBMSxHFnZPuKz4tOYbMP4w2BIV1Mczdp7TyLTlwRBbG6rftJPT03B7n9RRXU8/d\nH6GMuOa6yrvfCZK5xwdcoW2DexryoBVeP5xJyXEETQKCAQAZzqrfp5nSTjCWmTDh\nbW/0m9i6baJHI+EiqJBrfuDGO6gNSHf8AUEZhGYGimA4oDPrkyp8c3C4i+odJMpR\nkMQwDCbfDaZAwJ1Hc7yBTld0Cb9nhZw21cBO15aAo8lWmg4dcX/oE/cy1Xa1Rjy1\nkGGGds+OykSPZETWcISx4Y4y1+DdeayyHZNOwZzzg/cRDQzviKkqj0obt1A/uFE9\n36XH6M7V2YLrI6Tfg3WBWgx/H0gioVc8ucpeu0Fv28uj5LqTkfQOzbGAO+S990Ux\njFRehl8+ZCRZgOO6yLdEIIXsLEYBZT2YeFaPPsULMO7VjT2OozSDLs0Eq3QAntsp\ngOzPAoIBAClf9wOdt9YSP83CxzzKtREt6h1rKINeo5BghAeYFiyJpCh9JQUXzF8l\nh8qvky7JGEY/jpRMF37mIhCclMk0X1JipMnHIuL7U/jGlHbyJM00TkBWQzhOqryW\nBLXEhTTSVY+TkTm3rLtSbYYO2mDbJ2q97A4sdEYhAsuhs5Jm9Gx1rdM8w2ogsMNV\n9itsF0Ba0PgJyAq7HYk/XYwTJQvh7c+O3feMENNaFhmiI86gc5jT9W5t3ldqSWgI\ni8Ozde39Ou3Sp2KYs+fAUel2DqzSwflsr3Yhxbex9PXoxd+c4ItJYvYMwMHLab52\nQOgJkA4ITtax7RKYVQDJIkYOa/qj9sECggEBAMJ8WQPmS7sM9jT5yoKeG5N/VFrh\nRjTqXCF/YrOS6YGQOvJjKQlBmdKzdw5tkCtiAeXjxmi/E/Fojp+iZRrWulPg4s/s\nw1Pw7/c9EHficEkaceVU4CcVfY8p5ieUHsXEb5+LswYJXOWLq8UBvbm1fwFGf+2F\nyjS2SZ5kv0PvZVZkCljgKQDUywzpA+C2uuAKeWE3rYLZe2cThQEtXAwFXZu2tn2k\nhkjAa7bisx5Q65IlNLWQ94kUuQkJAib0/UiDKHepVR7GrUYK0j/6VVsQzrIS3myS\n3MNrEmMF8DKr8XapCOP07O4AnPahUjAGuf5dm7U7uAhR5hQ1dCgUzD94WX4=\n-----END RSA PRIVATE KEY-----\n",
      "type": "string",
      "sensitive": true
    }
  },
  "resources": [
    {
      "mode": "managed",
      "type": "azurerm_linux_virtual_machine",
      "name": "ubuntu",
      "provider": "provider[\"registry.terraform.io/hashicorp/azurerm\"]",
      "instances": [
        {
          "schema_version": 0,
          "attributes": {
            "additional_capabilities": [],
            "admin_password": null,
            "admin_ssh_key": [
              {
                "public_key": "ssh-rsa AAAAB3NzaC1yc2EAAAADAQABAAABAQC555jkmPnWawUGakHeuDBaEyENN1urvnRU9EQ7n0sPVW3Iw6BzFqspm8R8GUkN4O+ezyArkmFNHeUkZdAFtWy2qW5+Gx1x9HteEoBScVTuzaSFslgEQcKQSCFFs/oZfL3w8YK2D2bQ4vx1z9eE4tDs8KdKzS7HXdW7XZSyesTaGjj6413t/W16ZrUNl9Y6x7XPNoIloFg9pnjRvruT+qFOQIKhNgM1JDDndEoI3jp4Puw8H/GEhunra4mdwJVK2l56rav5ImKsC5j5HnZYg0LAZsVrjD4t4nEkJg4LBfcBVZX166h4h8Yw2f82gxQbl6u3xnzhWvmlL8Z9iPZk6OHD linux\n",
                "username": "adminuser"
              }
            ],
            "admin_username": "adminuser",
            "allow_extension_operations": true,
            "availability_set_id": "",
            "boot_diagnostics": [],
            "computer_name": "ubuntu-machine",
            "custom_data": null,
            "dedicated_host_id": "",
            "disable_password_authentication": true,
            "encryption_at_host_enabled": false,
            "eviction_policy": "",
            "extensions_time_budget": "PT1H30M",
            "id": "/subscriptions/3b243e09-5cdc-4967-91a0-0a17edb9c724/resourceGroups/ubuntu-resources/providers/Microsoft.Compute/virtualMachines/ubuntu-machine",
            "identity": [],
            "license_type": "",
            "location": "australiaeast",
            "max_bid_price": -1,
            "name": "ubuntu-machine",
            "network_interface_ids": [
              "/subscriptions/3b243e09-5cdc-4967-91a0-0a17edb9c724/resourceGroups/ubuntu-resources/providers/Microsoft.Network/networkInterfaces/ubuntu-nic"
            ],
            "os_disk": [
              {
                "caching": "ReadWrite",
                "diff_disk_settings": [],
                "disk_encryption_set_id": "",
                "disk_size_gb": 30,
                "name": "ubuntu-machine_OsDisk_1_f4d8cb60addd497181cce6d83b887acc",
                "storage_account_type": "Standard_LRS",
                "write_accelerator_enabled": false
              }
            ],
            "patch_mode": null,
            "plan": [],
            "platform_fault_domain": -1,
            "priority": "Regular",
            "private_ip_address": "10.0.2.4",
            "private_ip_addresses": [
              "10.0.2.4"
            ],
            "provision_vm_agent": true,
            "proximity_placement_group_id": "",
            "public_ip_address": "20.53.248.56",
            "public_ip_addresses": [
              "20.53.248.56"
            ],
            "resource_group_name": "ubuntu-resources",
            "secret": [],
            "size": "Standard_DS1_v2",
            "source_image_id": "",
            "source_image_reference": [
              {
                "offer": "UbuntuServer",
                "publisher": "Canonical",
                "sku": "19.04",
                "version": "latest"
              }
            ],
            "tags": {},
            "timeouts": null,
            "virtual_machine_id": "9311387b-db2e-4888-a2cc-e9f4b5a5aabc",
            "virtual_machine_scale_set_id": "",
            "zone": ""
          },
          "sensitive_attributes": [],
          "private": "eyJlMmJmYjczMC1lY2FhLTExZTYtOGY4OC0zNDM2M2JjN2M0YzAiOnsiY3JlYXRlIjoyNzAwMDAwMDAwMDAwLCJkZWxldGUiOjI3MDAwMDAwMDAwMDAsInJlYWQiOjMwMDAwMDAwMDAwMCwidXBkYXRlIjoyNzAwMDAwMDAwMDAwfX0=",
          "dependencies": [
            "azurerm_network_interface.ubuntu",
            "azurerm_resource_group.ubuntu"
          ]
        }
      ]
    },
    {
      "mode": "managed",
      "type": "azurerm_network_interface",
      "name": "ubuntu",
      "provider": "provider[\"registry.terraform.io/hashicorp/azurerm\"]",
      "instances": [
        {
          "schema_version": 0,
          "attributes": {
            "applied_dns_servers": [],
            "dns_servers": [],
            "enable_accelerated_networking": false,
            "enable_ip_forwarding": false,
            "id": "/subscriptions/3b243e09-5cdc-4967-91a0-0a17edb9c724/resourceGroups/ubuntu-resources/providers/Microsoft.Network/networkInterfaces/ubuntu-nic",
            "internal_dns_name_label": "",
            "internal_domain_name_suffix": "0cskxhs15t5u5dsuiwsmgkkfyc.px.internal.cloudapp.net",
            "ip_configuration": [
              {
                "gateway_load_balancer_frontend_ip_configuration_id": "",
                "name": "internal",
                "primary": true,
                "private_ip_address": "10.0.2.4",
                "private_ip_address_allocation": "Dynamic",
                "private_ip_address_version": "IPv4",
                "public_ip_address_id": "/subscriptions/3b243e09-5cdc-4967-91a0-0a17edb9c724/resourceGroups/ubuntu-resources/providers/Microsoft.Network/publicIPAddresses/ubuntu0001publicip1",
                "subnet_id": "/subscriptions/3b243e09-5cdc-4967-91a0-0a17edb9c724/resourceGroups/ubuntu-resources/providers/Microsoft.Network/virtualNetworks/ubuntu-network/subnets/internal"
              }
            ],
            "location": "australiaeast",
            "mac_address": "00-0D-3A-CC-55-B0",
            "name": "ubuntu-nic",
            "private_ip_address": "10.0.2.4",
            "private_ip_addresses": [
              "10.0.2.4"
            ],
            "resource_group_name": "ubuntu-resources",
            "tags": {},
            "timeouts": null,
            "virtual_machine_id": "/subscriptions/3b243e09-5cdc-4967-91a0-0a17edb9c724/resourceGroups/ubuntu-resources/providers/Microsoft.Compute/virtualMachines/ubuntu-machine"
          },
          "sensitive_attributes": [],
          "private": "eyJlMmJmYjczMC1lY2FhLTExZTYtOGY4OC0zNDM2M2JjN2M0YzAiOnsiY3JlYXRlIjoxODAwMDAwMDAwMDAwLCJkZWxldGUiOjE4MDAwMDAwMDAwMDAsInJlYWQiOjMwMDAwMDAwMDAwMCwidXBkYXRlIjoxODAwMDAwMDAwMDAwfX0=",
          "dependencies": [
            "azurerm_public_ip.ubuntu",
            "azurerm_resource_group.ubuntu",
            "azurerm_subnet.ubuntu",
            "azurerm_virtual_network.ubuntu"
          ]
        }
      ]
    },
    {
      "mode": "managed",
      "type": "azurerm_network_interface_security_group_association",
      "name": "ubuntu",
      "provider": "provider[\"registry.terraform.io/hashicorp/azurerm\"]",
      "instances": [
        {
          "schema_version": 0,
          "attributes": {
            "id": "/subscriptions/3b243e09-5cdc-4967-91a0-0a17edb9c724/resourceGroups/ubuntu-resources/providers/Microsoft.Network/networkInterfaces/ubuntu-nic|/subscriptions/3b243e09-5cdc-4967-91a0-0a17edb9c724/resourceGroups/ubuntu-resources/providers/Microsoft.Network/networkSecurityGroups/ubuntu-security-group1",
            "network_interface_id": "/subscriptions/3b243e09-5cdc-4967-91a0-0a17edb9c724/resourceGroups/ubuntu-resources/providers/Microsoft.Network/networkInterfaces/ubuntu-nic",
            "network_security_group_id": "/subscriptions/3b243e09-5cdc-4967-91a0-0a17edb9c724/resourceGroups/ubuntu-resources/providers/Microsoft.Network/networkSecurityGroups/ubuntu-security-group1",
            "timeouts": null
          },
          "sensitive_attributes": [],
          "private": "eyJlMmJmYjczMC1lY2FhLTExZTYtOGY4OC0zNDM2M2JjN2M0YzAiOnsiY3JlYXRlIjoxODAwMDAwMDAwMDAwLCJkZWxldGUiOjE4MDAwMDAwMDAwMDAsInJlYWQiOjMwMDAwMDAwMDAwMCwidXBkYXRlIjoxODAwMDAwMDAwMDAwfX0=",
          "dependencies": [
            "azurerm_resource_group.ubuntu",
            "azurerm_subnet.ubuntu",
            "azurerm_virtual_network.ubuntu",
            "azurerm_network_interface.ubuntu",
            "azurerm_network_security_group.ubuntu",
            "azurerm_public_ip.ubuntu"
          ]
        }
      ]
    },
    {
      "mode": "managed",
      "type": "azurerm_network_security_group",
      "name": "ubuntu",
      "provider": "provider[\"registry.terraform.io/hashicorp/azurerm\"]",
      "instances": [
        {
          "schema_version": 0,
          "attributes": {
            "id": "/subscriptions/3b243e09-5cdc-4967-91a0-0a17edb9c724/resourceGroups/ubuntu-resources/providers/Microsoft.Network/networkSecurityGroups/ubuntu-security-group1",
            "location": "australiaeast",
            "name": "ubuntu-security-group1",
            "resource_group_name": "ubuntu-resources",
            "security_rule": [
              {
                "access": "Allow",
                "description": "",
                "destination_address_prefix": "*",
                "destination_address_prefixes": [],
                "destination_application_security_group_ids": [],
                "destination_port_range": "22",
                "destination_port_ranges": [],
                "direction": "Inbound",
                "name": "ssh",
                "priority": 100,
                "protocol": "Tcp",
                "source_address_prefix": "*",
                "source_address_prefixes": [],
                "source_application_security_group_ids": [],
                "source_port_range": "*",
                "source_port_ranges": []
              }
            ],
            "tags": {
              "environment": "Production"
            },
            "timeouts": null
          },
          "sensitive_attributes": [],
          "private": "eyJlMmJmYjczMC1lY2FhLTExZTYtOGY4OC0zNDM2M2JjN2M0YzAiOnsiY3JlYXRlIjoxODAwMDAwMDAwMDAwLCJkZWxldGUiOjE4MDAwMDAwMDAwMDAsInJlYWQiOjMwMDAwMDAwMDAwMCwidXBkYXRlIjoxODAwMDAwMDAwMDAwfX0=",
          "dependencies": [
            "azurerm_resource_group.ubuntu"
          ]
        }
      ]
    },
    {
      "mode": "managed",
      "type": "azurerm_public_ip",
      "name": "ubuntu",
      "provider": "provider[\"registry.terraform.io/hashicorp/azurerm\"]",
      "instances": [
        {
          "schema_version": 0,
          "attributes": {
            "allocation_method": "Dynamic",
            "availability_zone": "No-Zone",
            "domain_name_label": null,
            "fqdn": null,
            "id": "/subscriptions/3b243e09-5cdc-4967-91a0-0a17edb9c724/resourceGroups/ubuntu-resources/providers/Microsoft.Network/publicIPAddresses/ubuntu0001publicip1",
            "idle_timeout_in_minutes": 4,
            "ip_address": "20.53.248.56",
            "ip_tags": {},
            "ip_version": "IPv4",
            "location": "australiaeast",
            "name": "ubuntu0001publicip1",
            "public_ip_prefix_id": null,
            "resource_group_name": "ubuntu-resources",
            "reverse_fqdn": null,
            "sku": "Basic",
            "sku_tier": "Regional",
            "tags": {
              "environment": "Production"
            },
            "timeouts": null,
            "zones": []
          },
          "sensitive_attributes": [],
          "private": "eyJlMmJmYjczMC1lY2FhLTExZTYtOGY4OC0zNDM2M2JjN2M0YzAiOnsiY3JlYXRlIjoxODAwMDAwMDAwMDAwLCJkZWxldGUiOjE4MDAwMDAwMDAwMDAsInJlYWQiOjMwMDAwMDAwMDAwMCwidXBkYXRlIjoxODAwMDAwMDAwMDAwfX0=",
          "dependencies": [
            "azurerm_resource_group.ubuntu"
          ]
        }
      ]
    },
    {
      "mode": "managed",
      "type": "azurerm_resource_group",
      "name": "ubuntu",
      "provider": "provider[\"registry.terraform.io/hashicorp/azurerm\"]",
      "instances": [
        {
          "schema_version": 0,
          "attributes": {
            "id": "/subscriptions/3b243e09-5cdc-4967-91a0-0a17edb9c724/resourceGroups/ubuntu-resources",
            "location": "australiaeast",
            "name": "ubuntu-resources",
            "tags": {},
            "timeouts": null
          },
          "sensitive_attributes": [],
          "private": "eyJlMmJmYjczMC1lY2FhLTExZTYtOGY4OC0zNDM2M2JjN2M0YzAiOnsiY3JlYXRlIjo1NDAwMDAwMDAwMDAwLCJkZWxldGUiOjU0MDAwMDAwMDAwMDAsInJlYWQiOjMwMDAwMDAwMDAwMCwidXBkYXRlIjo1NDAwMDAwMDAwMDAwfX0="
        }
      ]
    },
    {
      "mode": "managed",
      "type": "azurerm_subnet",
      "name": "ubuntu",
      "provider": "provider[\"registry.terraform.io/hashicorp/azurerm\"]",
      "instances": [
        {
          "schema_version": 0,
          "attributes": {
            "address_prefix": "10.0.2.0/24",
            "address_prefixes": [
              "10.0.2.0/24"
            ],
            "delegation": [],
            "enforce_private_link_endpoint_network_policies": false,
            "enforce_private_link_service_network_policies": false,
            "id": "/subscriptions/3b243e09-5cdc-4967-91a0-0a17edb9c724/resourceGroups/ubuntu-resources/providers/Microsoft.Network/virtualNetworks/ubuntu-network/subnets/internal",
            "name": "internal",
            "resource_group_name": "ubuntu-resources",
            "service_endpoint_policy_ids": [],
            "service_endpoints": [],
            "timeouts": null,
            "virtual_network_name": "ubuntu-network"
          },
          "sensitive_attributes": [],
          "private": "eyJlMmJmYjczMC1lY2FhLTExZTYtOGY4OC0zNDM2M2JjN2M0YzAiOnsiY3JlYXRlIjoxODAwMDAwMDAwMDAwLCJkZWxldGUiOjE4MDAwMDAwMDAwMDAsInJlYWQiOjMwMDAwMDAwMDAwMCwidXBkYXRlIjoxODAwMDAwMDAwMDAwfX0=",
          "dependencies": [
            "azurerm_resource_group.ubuntu",
            "azurerm_virtual_network.ubuntu"
          ]
        }
      ]
    },
    {
      "mode": "managed",
      "type": "azurerm_virtual_network",
      "name": "ubuntu",
      "provider": "provider[\"registry.terraform.io/hashicorp/azurerm\"]",
      "instances": [
        {
          "schema_version": 0,
          "attributes": {
            "address_space": [
              "10.0.0.0/16"
            ],
            "bgp_community": "",
            "ddos_protection_plan": [],
            "dns_servers": [],
            "flow_timeout_in_minutes": 0,
            "guid": "9eaba4d0-fc5b-4fff-8e54-45a4c32945c2",
            "id": "/subscriptions/3b243e09-5cdc-4967-91a0-0a17edb9c724/resourceGroups/ubuntu-resources/providers/Microsoft.Network/virtualNetworks/ubuntu-network",
            "location": "australiaeast",
            "name": "ubuntu-network",
            "resource_group_name": "ubuntu-resources",
            "subnet": [
              {
                "address_prefix": "10.0.2.0/24",
                "id": "/subscriptions/3b243e09-5cdc-4967-91a0-0a17edb9c724/resourceGroups/ubuntu-resources/providers/Microsoft.Network/virtualNetworks/ubuntu-network/subnets/internal",
                "name": "internal",
                "security_group": ""
              }
            ],
            "tags": {},
            "timeouts": null,
            "vm_protection_enabled": false
          },
          "sensitive_attributes": [],
          "private": "eyJlMmJmYjczMC1lY2FhLTExZTYtOGY4OC0zNDM2M2JjN2M0YzAiOnsiY3JlYXRlIjoxODAwMDAwMDAwMDAwLCJkZWxldGUiOjE4MDAwMDAwMDAwMDAsInJlYWQiOjMwMDAwMDAwMDAwMCwidXBkYXRlIjoxODAwMDAwMDAwMDAwfX0=",
          "dependencies": [
            "azurerm_resource_group.ubuntu"
          ]
        }
      ]
    },
    {
      "mode": "managed",
      "type": "tls_private_key",
      "name": "ubuntu_ssh",
      "provider": "provider[\"registry.terraform.io/hashicorp/tls\"]",
      "instances": [
        {
          "schema_version": 0,
          "attributes": {
            "algorithm": "RSA",
            "ecdsa_curve": "P224",
            "id": "de2a97bf5a716255e42c67222e0c76190c557dc8",
            "private_key_pem": "-----BEGIN RSA PRIVATE KEY-----\nMIIJKAIBAAKCAgEA1HuhQfN+9k+hqAYzQQl0PFo/dfoROPQ2JMoURm85u8XRsfzK\nxkrJyLBuEeyV+DPTa/QEwsIojNLwdzf8kqNx4e7N2W109F3wF6HZe8qJLTrQxLep\nnlrv9SdIv+PTsoyQ4pf1mZjJm5ePspl6mlkVqmN5FWeQsI7NLG6pHVaQT676hWZ6\nxSqMfeQxRFYWszdjDPGW79NI5evQ3WyXbSP9OZYZdME/ApBlZ8LPcRa3AuPFlDMi\n4CwnjZ20De6TbFPC22PhDWMUH2QGfDF/YG7EEayzKPG1gjhhcT+mrJreezU56WLd\n9scaaXw6skKNklqAh/Bp/2F5iqhCjIsr24lnR+xLIfNyJqvAhSMyqenRsrXmPRFE\nqVGzwlnEKQssGT+EUMWa2SXdCtdmPbUi6SciubrDu0lEjOU/FubmjNWhD8kkBYJL\nimXx+cxsakEa46I6f2wxK9lDDYSvTrR1NWam9aQMwdpsNde1JF6Uf1jJ5tC/FG8f\nMuAO2EtW84WLfTVv1LRk/IOxZ6Ei7XlfRo3wYO3lLd9ePxtvTK6Nkj5gxNqUqiLe\naMUvXtLbghyLBGgJuIKW6PMG6PoKtqDQlSNsHS7a7P+9fxNTQZtkJ9/jAKkMzx0z\nqFbVwhw46GTSRhRfYl8fGSkN3Af94Ly72M00T7Po8hp9XnMXXKmZzE9nBqsCAwEA\nAQKCAgBvZe2SPQ2IJxGSnMWMSF+XMJ1qxdL3sBkeyo88qh1zk2+vx9+rfBQ0UkMy\nxH2PpeQnCcThMpe91O1bI5AYdPZExEVJw7f4UbOJQEJcQ0AN5XMEX2He8sAxIApl\nCBW52zYuhgquH0s7dodQ1GRRvXi9Xu9hSG20EvoAXHfvOK3qCMuw2pxs+DS138fw\nks3N4bDdXV+LlpL2b96N59uvzZl58nagHpxhRMDVWG4XVRhXvICehPy42I1YEqEO\nWNETjwpuqPuZYCNxnahEvlKQhSHoPkmjoq1Ney+jBwLkJUGVCL+22y2RrqrrOMUx\nJfFBFI+kNWftCvaEulhBhMlWjMAHIJ9B1pG4EltTJxxMk4dEMvO3chx2nI7ZC4Sl\nkT+9LSU2NmmS9cOSpbsEdHX3ZyEBqrwS1GUPkuIQHh8jTSPpbgyaDZ5fOJle+2O8\nWKZ03cHWIw8RdeEaiNdO03Wed3cWYZYKFhyKFA2nvk/+RdrNxVm8p706s5X4YdTa\no4n3HKRtJxsaz/w9FFMFGionLkZShAayVUzZobFMYcY2afuA0g+HezN49fWJoNhg\nQ/wMRg6y4xDN5NvgJu1mvO6Pt2Nxwfdk0xNTc3ptdbrHXITgqRpY5ZnH5kbGQXrG\nt4S8JzFKdOOVVRPWgT44/tByg0aDFTZKqVC4/OwrbdUN6wGmOQKCAQEA/obxBq7i\nXtl4f6n93c1G7TsImgmok92laNDFZ8xi+byrPgHSLFoJlX87LCB3sqhgTfCXntYr\nEhfByLZvRkXzx8QqzzVoYVkcKhvQRNaxE5QbogmfArvkl8kJrbimhVnUcnto40s2\nPFsiC9M7qvp0r9eMo+EnoRsXkPIPHgVRzeuSBi9Qx350voEMVUDIhjnw/2gVY9Yc\nPTuY3osc8JXtQnqJ8hE2OuNgUa+s+IwmG6cOIqcKSe5SFCw7wcpuP0XJiXCYR+Di\nI+HVdncqI7unMZxJsImQQ2PKDVjNcumeZ2jBxN+PufVoHhnSsV6A2NKfGroyttBt\n2n6epk7Qb2sS1wKCAQEA1bZnYEwYSc658n5TR7TRwMlZAWXPOUjGhHDBNnqg3Cmo\njrb9yQ473Nm5TkWv6AkueTefjZzO1F7uDtKXMt5GgxtDE0mJZ5c45mMNL5asYBAM\nrw/j4qk4uKvE1oq2lZ63ZypOZEFXOR9+EqaWG409x0pjB0YaM2+N+aJdYQ9Pe9iA\nBLuyA/TrvkeJOnoU6XGpN74lN0RIZpiCpuoSDv2c7D2cDcLVDXS6/ZVqjDEdPc/d\nLuBMSxHFnZPuKz4tOYbMP4w2BIV1Mczdp7TyLTlwRBbG6rftJPT03B7n9RRXU8/d\nH6GMuOa6yrvfCZK5xwdcoW2DexryoBVeP5xJyXEETQKCAQAZzqrfp5nSTjCWmTDh\nbW/0m9i6baJHI+EiqJBrfuDGO6gNSHf8AUEZhGYGimA4oDPrkyp8c3C4i+odJMpR\nkMQwDCbfDaZAwJ1Hc7yBTld0Cb9nhZw21cBO15aAo8lWmg4dcX/oE/cy1Xa1Rjy1\nkGGGds+OykSPZETWcISx4Y4y1+DdeayyHZNOwZzzg/cRDQzviKkqj0obt1A/uFE9\n36XH6M7V2YLrI6Tfg3WBWgx/H0gioVc8ucpeu0Fv28uj5LqTkfQOzbGAO+S990Ux\njFRehl8+ZCRZgOO6yLdEIIXsLEYBZT2YeFaPPsULMO7VjT2OozSDLs0Eq3QAntsp\ngOzPAoIBAClf9wOdt9YSP83CxzzKtREt6h1rKINeo5BghAeYFiyJpCh9JQUXzF8l\nh8qvky7JGEY/jpRMF37mIhCclMk0X1JipMnHIuL7U/jGlHbyJM00TkBWQzhOqryW\nBLXEhTTSVY+TkTm3rLtSbYYO2mDbJ2q97A4sdEYhAsuhs5Jm9Gx1rdM8w2ogsMNV\n9itsF0Ba0PgJyAq7HYk/XYwTJQvh7c+O3feMENNaFhmiI86gc5jT9W5t3ldqSWgI\ni8Ozde39Ou3Sp2KYs+fAUel2DqzSwflsr3Yhxbex9PXoxd+c4ItJYvYMwMHLab52\nQOgJkA4ITtax7RKYVQDJIkYOa/qj9sECggEBAMJ8WQPmS7sM9jT5yoKeG5N/VFrh\nRjTqXCF/YrOS6YGQOvJjKQlBmdKzdw5tkCtiAeXjxmi/E/Fojp+iZRrWulPg4s/s\nw1Pw7/c9EHficEkaceVU4CcVfY8p5ieUHsXEb5+LswYJXOWLq8UBvbm1fwFGf+2F\nyjS2SZ5kv0PvZVZkCljgKQDUywzpA+C2uuAKeWE3rYLZe2cThQEtXAwFXZu2tn2k\nhkjAa7bisx5Q65IlNLWQ94kUuQkJAib0/UiDKHepVR7GrUYK0j/6VVsQzrIS3myS\n3MNrEmMF8DKr8XapCOP07O4AnPahUjAGuf5dm7U7uAhR5hQ1dCgUzD94WX4=\n-----END RSA PRIVATE KEY-----\n",
            "public_key_fingerprint_md5": "e4:3e:11:35:c9:66:4a:a6:c5:6a:0f:f2:ed:34:6a:59",
            "public_key_openssh": "ssh-rsa AAAAB3NzaC1yc2EAAAADAQABAAACAQDUe6FB8372T6GoBjNBCXQ8Wj91+hE49DYkyhRGbzm7xdGx/MrGSsnIsG4R7JX4M9Nr9ATCwiiM0vB3N/ySo3Hh7s3ZbXT0XfAXodl7yoktOtDEt6meWu/1J0i/49OyjJDil/WZmMmbl4+ymXqaWRWqY3kVZ5Cwjs0sbqkdVpBPrvqFZnrFKox95DFEVhazN2MM8Zbv00jl69DdbJdtI/05lhl0wT8CkGVnws9xFrcC48WUMyLgLCeNnbQN7pNsU8LbY+ENYxQfZAZ8MX9gbsQRrLMo8bWCOGFxP6asmt57NTnpYt32xxppfDqyQo2SWoCH8Gn/YXmKqEKMiyvbiWdH7Esh83Imq8CFIzKp6dGyteY9EUSpUbPCWcQpCywZP4RQxZrZJd0K12Y9tSLpJyK5usO7SUSM5T8W5uaM1aEPySQFgkuKZfH5zGxqQRrjojp/bDEr2UMNhK9OtHU1Zqb1pAzB2mw117UkXpR/WMnm0L8Ubx8y4A7YS1bzhYt9NW/UtGT8g7FnoSLteV9GjfBg7eUt314/G29Mro2SPmDE2pSqIt5oxS9e0tuCHIsEaAm4gpbo8wbo+gq2oNCVI2wdLtrs/71/E1NBm2Qn3+MAqQzPHTOoVtXCHDjoZNJGFF9iXx8ZKQ3cB/3gvLvYzTRPs+jyGn1ecxdcqZnMT2cGqw==\n",
            "public_key_pem": "-----BEGIN PUBLIC KEY-----\nMIICIjANBgkqhkiG9w0BAQEFAAOCAg8AMIICCgKCAgEA1HuhQfN+9k+hqAYzQQl0\nPFo/dfoROPQ2JMoURm85u8XRsfzKxkrJyLBuEeyV+DPTa/QEwsIojNLwdzf8kqNx\n4e7N2W109F3wF6HZe8qJLTrQxLepnlrv9SdIv+PTsoyQ4pf1mZjJm5ePspl6mlkV\nqmN5FWeQsI7NLG6pHVaQT676hWZ6xSqMfeQxRFYWszdjDPGW79NI5evQ3WyXbSP9\nOZYZdME/ApBlZ8LPcRa3AuPFlDMi4CwnjZ20De6TbFPC22PhDWMUH2QGfDF/YG7E\nEayzKPG1gjhhcT+mrJreezU56WLd9scaaXw6skKNklqAh/Bp/2F5iqhCjIsr24ln\nR+xLIfNyJqvAhSMyqenRsrXmPRFEqVGzwlnEKQssGT+EUMWa2SXdCtdmPbUi6Sci\nubrDu0lEjOU/FubmjNWhD8kkBYJLimXx+cxsakEa46I6f2wxK9lDDYSvTrR1NWam\n9aQMwdpsNde1JF6Uf1jJ5tC/FG8fMuAO2EtW84WLfTVv1LRk/IOxZ6Ei7XlfRo3w\nYO3lLd9ePxtvTK6Nkj5gxNqUqiLeaMUvXtLbghyLBGgJuIKW6PMG6PoKtqDQlSNs\nHS7a7P+9fxNTQZtkJ9/jAKkMzx0zqFbVwhw46GTSRhRfYl8fGSkN3Af94Ly72M00\nT7Po8hp9XnMXXKmZzE9nBqsCAwEAAQ==\n-----END PUBLIC KEY-----\n",
            "rsa_bits": 4096
          },
          "sensitive_attributes": [],
          "private": "bnVsbA=="
        }
      ]
    }
  ]
}
